<?xml version="1.0" encoding="utf-8"?>
<Project ToolsVersion="4.0" xmlns="http://schemas.microsoft.com/developer/msbuild/2003">
  <ItemGroup>
    <Filter Include="Source Files">
      <UniqueIdentifier>{4FC737F1-C7A5-4376-A066-2A32D752A2FF}</UniqueIdentifier>
      <Extensions>cpp;c;cc;cxx;c++;cppm;ixx;def;odl;idl;hpj;bat;asm;asmx</Extensions>
    </Filter>
    <Filter Include="Header Files">
      <UniqueIdentifier>{93995380-89BD-4b04-88EB-625FBE52EBFB}</UniqueIdentifier>
      <Extensions>h;hh;hpp;hxx;h++;hm;inl;inc;ipp;xsd</Extensions>
    </Filter>
    <Filter Include="Resource Files">
      <UniqueIdentifier>{67DA6AB6-F800-4c08-8B7A-83BB121AAD01}</UniqueIdentifier>
      <Extensions>rc;ico;cur;bmp;dlg;rc2;rct;bin;rgs;gif;jpg;jpeg;jpe;resx;tiff;tif;png;wav;mfcribbon-ms</Extensions>
    </Filter>
  </ItemGroup>
  <ItemGroup>
    <ClCompile Include="VMPImportFixer.cpp">
      <Filter>Source Files</Filter>
    </ClCompile>
    <ClCompile Include="Main.cpp">
      <Filter>Source Files</Filter>
    </ClCompile>
    <ClCompile Include="msc\Process.cpp">
      <Filter>Source Files</Filter>
    </ClCompile>
    <ClCompile Include="vendor\pepp\misc\File.cpp">
      <Filter>Source Files</Filter>
    </ClCompile>
    <ClCompile Include="vendor\pepp\ExportDirectory.cpp">
      <Filter>Source Files</Filter>
    </ClCompile>
    <ClCompile Include="vendor\pepp\Image.cpp">
      <Filter>Source Files</Filter>
    </ClCompile>
    <ClCompile Include="vendor\pepp\ImportDirectory.cpp">
      <Filter>Source Files</Filter>
    </ClCompile>
    <ClCompile Include="vendor\pepp\OptionalHeader.cpp">
      <Filter>Source Files</Filter>
    </ClCompile>
    <ClCompile Include="vendor\pepp\PEHeader.cpp">
      <Filter>Source Files</Filter>
    </ClCompile>
    <ClCompile Include="vendor\pepp\PEUtil.cpp">
      <Filter>Source Files</Filter>
    </ClCompile>
    <ClCompile Include="vendor\pepp\RelocationDirectory.cpp">
      <Filter>Source Files</Filter>
    </ClCompile>
    <ClCompile Include="vendor\pepp\SectionHeader.cpp">
      <Filter>Source Files</Filter>
    </ClCompile>
    <ClCompile Include="VIFTools.cpp">
      <Filter>Source Files</Filter>
    </ClCompile>
  </ItemGroup>
  <ItemGroup>
    <ClInclude Include="VMPImportFixer.hpp">
      <Filter>Header Files</Filter>
    </ClInclude>
    <ClInclude Include="msc\Process.hpp">
      <Filter>Header Files</Filter>
    </ClInclude>
    <ClInclude Include="msc\ScopedHandle.hpp">
      <Filter>Header Files</Filter>
    </ClInclude>
    <ClInclude Include="vendor\pepp\misc\Address.hpp">
      <Filter>Header Files</Filter>
    </ClInclude>
    <ClInclude Include="vendor\pepp\misc\ByteVector.hpp">
      <Filter>Header Files</Filter>
    </ClInclude>
    <ClInclude Include="vendor\pepp\misc\Concept.hpp">
      <Filter>Header Files</Filter>
    </ClInclude>
    <ClInclude Include="vendor\pepp\misc\File.hpp">
      <Filter>Header Files</Filter>
    </ClInclude>
    <ClInclude Include="vendor\pepp\misc\NonCopyable.hpp">
      <Filter>Header Files</Filter>
    </ClInclude>
    <ClInclude Include="vendor\pepp\ExportDirectory.hpp">
      <Filter>Header Files</Filter>
    </ClInclude>
    <ClInclude Include="vendor\pepp\FileHeader.hpp">
      <Filter>Header Files</Filter>
    </ClInclude>
    <ClInclude Include="vendor\pepp\Image.hpp">
      <Filter>Header Files</Filter>
    </ClInclude>
    <ClInclude Include="vendor\pepp\ImportDirectory.hpp">
      <Filter>Header Files</Filter>
    </ClInclude>
    <ClInclude Include="vendor\pepp\OptionalHeader.hpp">
      <Filter>Header Files</Filter>
    </ClInclude>
    <ClInclude Include="vendor\pepp\PEHeader.hpp">
      <Filter>Header Files</Filter>
    </ClInclude>
    <ClInclude Include="vendor\pepp\PELibrary.hpp">
      <Filter>Header Files</Filter>
    </ClInclude>
    <ClInclude Include="vendor\pepp\PEUtil.hpp">
      <Filter>Header Files</Filter>
    </ClInclude>
    <ClInclude Include="vendor\pepp\RelocationDirectory.hpp">
      <Filter>Header Files</Filter>
    </ClInclude>
    <ClInclude Include="vendor\pepp\SectionHeader.hpp">
      <Filter>Header Files</Filter>
    </ClInclude>
    <ClInclude Include="VIFTools.hpp">
      <Filter>Header Files</Filter>
    </ClInclude>
  </ItemGroup>
</Project>